# This file is automatically @generated by Cargo.
version = 4

[[package]]
name = "app"
version = "0.0.0"
dependencies = ["outer"]

[[package]]
name = "leaf"
version = "0.0.0"

[[package]]
name = "outer"
version = "1.0.0"
source = "registry+https://github.com/rust-lang/crates.io-index"
checksum = "0000000000000000000000000000000000000000000000000000000000000000"
dependencies = ["patched"]

[[package]]
name = "patched"
version = "1.0.0"
dependencies = ["leaf"]
