# This file is automatically @generated by Cargo.
# It is not intended for manual editing.
version = 4

[[package]]
name = "hello"
version = "1.0.0"
source = "git://example.com/hello"
checksum = "e677cd353f583f408f480e465f951d4b9d2e69b6552a606ea4ec9ea362f06a83"

[[package]]
name = "workspace_test"
version = "0.1.0"
dependencies = [
 "hello",
]
