{
  "name": "hello-world",
  "version": "1.0.0",
  "lockfileVersion": 3,
  "requires": true,
  "packages": {
    "": {
      "name": "hello-world",
      "version": "1.0.0",
      "license": "Apache-2.0",
      "dependencies": {
        "@emnapi/runtime": "^1.1.1",
        "chai": "^4.4.1",
        "emnapi": "^1.1.1"
      }
    },
    "node_modules/@emnapi/runtime": {
      "version": "1.1.1",
      "resolved": "https://registry.npmjs.org/@emnapi/runtime/-/runtime-1.1.1.tgz",
      "integrity": "sha512-3bfqkzuR1KLx57nZfjr2NLnFOobvyS0aTszaEGCGqmYMVDRaGvgIZbjGSV/MHSSmLgQ/b9JFHQ5xm5WRZYd+XQ==",
      "dependencies": {
        "tslib": "^2.4.0"
      }
    },
    "node_modules/assertion-error": {
      "version": "1.1.0",
      "resolved": "https://registry.npmjs.org/assertion-error/-/assertion-error-1.1.0.tgz",
      "integrity": "sha512-jgsaNduz+ndvGyFt3uSuWqvy4lCnIJiovtouQN5JZHOKCS2QuhEdbcQHFhVksz2N2U9hXJo8odG7ETyWlEeuDw==",
      "engines": {
        "node": "*"
      }
    },
    "node_modules/chai": {
      "version": "4.4.1",
      "resolved": "https://registry.npmjs.org/chai/-/chai-4.4.1.tgz",
      "integrity": "sha512-13sOfMv2+DWduEU+/xbun3LScLoqN17nBeTLUsmDfKdoiC1fr0n9PU4guu4AhRcOVFk/sW8LyZWHuhWtQZiF+g==",
      "dependencies": {
        "assertion-error": "^1.1.0",
        "check-error": "^1.0.3",
        "deep-eql": "^4.1.3",
        "get-func-name": "^2.0.2",
        "loupe": "^2.3.6",
        "pathval": "^1.1.1",
        "type-detect": "^4.0.8"
      },
      "engines": {
        "node": ">=4"
      }
    },
    "node_modules/check-error": {
      "version": "1.0.3",
      "resolved": "https://registry.npmjs.org/check-error/-/check-error-1.0.3.tgz",
      "integrity": "sha512-iKEoDYaRmd1mxM90a2OEfWhjsjPpYPuQ+lMYsoxB126+t8fw7ySEO48nmDg5COTjxDI65/Y2OWpeEHk3ZOe8zg==",
      "dependencies": {
        "get-func-name": "^2.0.2"
      },
      "engines": {
        "node": "*"
      }
    },
    "node_modules/deep-eql": {
      "version": "4.1.3",
      "resolved": "https://registry.npmjs.org/deep-eql/-/deep-eql-4.1.3.tgz",
      "integrity": "sha512-WaEtAOpRA1MQ0eohqZjpGD8zdI0Ovsm8mmFhaDN8dvDZzyoUMcYDnf5Y6iu7HTXxf8JDS23qWa4a+hKCDyOPzw==",
      "dependencies": {
        "type-detect": "^4.0.0"
      },
      "engines": {
        "node": ">=6"
      }
    },
    "node_modules/emnapi": {
      "version": "1.1.1",
      "resolved": "https://registry.npmjs.org/emnapi/-/emnapi-1.1.1.tgz",
      "integrity": "sha512-md0YDBLCX+378+zzibHvOLsj28YKFy8vl7BiSzVocCY7HujOkYt+N5LCOYqLeYi5C5/5NlnkNweVdUjrvKpGNg==",
      "peerDependencies": {
        "node-addon-api": ">= 6.1.0"
      },
      "peerDependenciesMeta": {
        "node-addon-api": {
          "optional": true
        }
      }
    },
    "node_modules/get-func-name": {
      "version": "2.0.2",
      "resolved": "https://registry.npmjs.org/get-func-name/-/get-func-name-2.0.2.tgz",
      "integrity": "sha512-8vXOvuE167CtIc3OyItco7N/dpRtBbYOsPsXCz7X/PMnlGjYjSGuZJgM1Y7mmew7BKf9BqvLX2tnOVy1BBUsxQ==",
      "engines": {
        "node": "*"
      }
    },
    "node_modules/loupe": {
      "version": "2.3.7",
      "resolved": "https://registry.npmjs.org/loupe/-/loupe-2.3.7.tgz",
      "integrity": "sha512-zSMINGVYkdpYSOBmLi0D1Uo7JU9nVdQKrHxC8eYlV+9YKK9WePqAlL7lSlorG/U2Fw1w0hTBmaa/jrQ3UbPHtA==",
      "dependencies": {
        "get-func-name": "^2.0.1"
      }
    },
    "node_modules/node-addon-api": {
      "version": "8.0.0",
      "resolved": "https://registry.npmjs.org/node-addon-api/-/node-addon-api-8.0.0.tgz",
      "integrity": "sha512-ipO7rsHEBqa9STO5C5T10fj732ml+5kLN1cAG8/jdHd56ldQeGj3Q7+scUS+VHK/qy1zLEwC4wMK5+yM0btPvw==",
      "optional": true,
      "peer": true,
      "engines": {
        "node": "^18 || ^20 || >= 21"
      }
    },
    "node_modules/pathval": {
      "version": "1.1.1",
      "resolved": "https://registry.npmjs.org/pathval/-/pathval-1.1.1.tgz",
      "integrity": "sha512-Dp6zGqpTdETdR63lehJYPeIOqpiNBNtc7BpWSLrOje7UaIsE5aY92r/AunQA7rsXvet3lrJ3JnZX29UPTKXyKQ==",
      "engines": {
        "node": "*"
      }
    },
    "node_modules/tslib": {
      "version": "2.6.2",
      "resolved": "https://registry.npmjs.org/tslib/-/tslib-2.6.2.tgz",
      "integrity": "sha512-AEYxH93jGFPn/a2iVAwW87VuUIkR1FVUKB77NwMF7nBTDkDrrT/Hpt/IrCJ0QXhW27jTBDcf5ZY7w6RiqTMw2Q=="
    },
    "node_modules/type-detect": {
      "version": "4.0.8",
      "resolved": "https://registry.npmjs.org/type-detect/-/type-detect-4.0.8.tgz",
      "integrity": "sha512-0fr/mIH1dlO+x7TlcMy+bIDqKPsw/70tVyeHW787goQjhmqaZe10uwLujubK9q9Lg6Fiho1KUKDYz0Z7k7g5/g==",
      "engines": {
        "node": ">=4"
      }
    }
  }
}
